PODS:
  - ReachabilitySwift (5.2.4)
  - SwiftProtobuf (1.33.3)

DEPENDENCIES:
  - ReachabilitySwift (>= 5.0.0)
  - SwiftProtobuf

SPEC REPOS:
  trunk:
    - ReachabilitySwift
    - SwiftProtobuf

SPEC CHECKSUMS:
  ReachabilitySwift: 32793e867593cfc1177f5d16491e3a197d2fccda
  SwiftProtobuf: e1b437c8e31a4c5577b643249a0bb62ed4f02153

PODFILE CHECKSUM: 1b81838a9e6f3b25fa3d24b9efdf11c300fe91e9

COCOAPODS: 1.16.2
