PODS:
  - ReachabilitySwift (5.2.4)
  - SwiftProtobuf (1.33.3)

DEPENDENCIES:
  - ReachabilitySwift (>= 5.0.0)
  - SwiftProtobuf

SPEC REPOS:
  trunk:
    - ReachabilitySwift
    - SwiftProtobuf

SPEC CHECKSUMS:
  ReachabilitySwift: 32793e867593cfc1177f5d16491e3a197d2fccda
  SwiftProtobuf: e1b437c8e31a4c5577b643249a0bb62ed4f02153

PODFILE CHECKSUM: f91dcf2d6c2aaf8f8ba6bda095d305b14b6cdd94

COCOAPODS: 1.16.2
